// !$*UTF8*$!
{
	archiveVersion = 1;
	classes = {
	};
	objectVersion = 46;
	objects = {

/* Begin PBXBuildFile section */
		48BF74931E9C265E00027982 /* AppDelegate.swift in Sources */ = {isa = PBXBuildFile; fileRef = 48BF74921E9C265E00027982 /* AppDelegate.swift */; };
		48BF74951E9C265E00027982 /* MainViewController.swift in Sources */ = {isa = PBXBuildFile; fileRef = 48BF74941E9C265E00027982 /* MainViewController.swift */; };
		48BF74981E9C265E00027982 /* Main.storyboard in Resources */ = {isa = PBXBuildFile; fileRef = 48BF74961E9C265E00027982 /* Main.storyboard */; };
		48BF749A1E9C265E00027982 /* Assets.xcassets in Resources */ = {isa = PBXBuildFile; fileRef = 48BF74991E9C265E00027982 /* Assets.xcassets */; };
		48BF749D1E9C265E00027982 /* LaunchScreen.storyboard in Resources */ = {isa = PBXBuildFile; fileRef = 48BF749B1E9C265E00027982 /* LaunchScreen.storyboard */; };
		48BF74A51E9C27A400027982 /* AddTableViewController.swift in Sources */ = {isa = PBXBuildFile; fileRef = 48BF74A41E9C27A400027982 /* AddTableViewController.swift */; };
		48BF74A71E9C2E3200027982 /* CancelButtonDelegate.swift in Sources */ = {isa = PBXBuildFile; fileRef = 48BF74A61E9C2E3200027982 /* CancelButtonDelegate.swift */; };
		48BF74A91E9C302600027982 /* SaveButtonDelegate.swift in Sources */ = {isa = PBXBuildFile; fileRef = 48BF74A81E9C302600027982 /* SaveButtonDelegate.swift */; };
/* End PBXBuildFile section */

/* Begin PBXFileReference section */
		48BF748F1E9C265E00027982 /* bucketList.app */ = {isa = PBXFileReference; explicitFileType = wrapper.application; includeInIndex = 0; path = bucketList.app; sourceTree = BUILT_PRODUCTS_DIR; };
		48BF74921E9C265E00027982 /* AppDelegate.swift */ = {isa = PBXFileReference; lastKnownFileType = sourcecode.swift; path = AppDelegate.swift; sourceTree = "<group>"; };
		48BF74941E9C265E00027982 /* MainViewController.swift */ = {isa = PBXFileReference; lastKnownFileType = sourcecode.swift; path = MainViewController.swift; sourceTree = "<group>"; };
		48BF74971E9C265E00027982 /* Base */ = {isa = PBXFileReference; lastKnownFileType = file.storyboard; name = Base; path = Base.lproj/Main.storyboard; sourceTree = "<group>"; };
		48BF74991E9C265E00027982 /* Assets.xcassets */ = {isa = PBXFileReference; lastKnownFileType = folder.assetcatalog; path = Assets.xcassets; sourceTree = "<group>"; };
		48BF749C1E9C265E00027982 /* Base */ = {isa = PBXFileReference; lastKnownFileType = file.storyboard; name = Base; path = Base.lproj/LaunchScreen.storyboard; sourceTree = "<group>"; };
		48BF749E1E9C265E00027982 /* Info.plist */ = {isa = PBXFileReference; lastKnownFileType = text.plist.xml; path = Info.plist; sourceTree = "<group>"; };
		48BF74A41E9C27A400027982 /* AddTableViewController.swift */ = {isa = PBXFileReference; fileEncoding = 4; lastKnownFileType = sourcecode.swift; path = AddTableViewController.swift; sourceTree = "<group>"; };
		48BF74A61E9C2E3200027982 /* CancelButtonDelegate.swift */ = {isa = PBXFileReference; fileEncoding = 4; lastKnownFileType = sourcecode.swift; path = CancelButtonDelegate.swift; sourceTree = "<group>"; };
		48BF74A81E9C302600027982 /* SaveButtonDelegate.swift */ = {isa = PBXFileReference; fileEncoding = 4; lastKnownFileType = sourcecode.swift; path = SaveButtonDelegate.swift; sourceTree = "<group>"; };
/* End PBXFileReference section */

/* Begin PBXFrameworksBuildPhase section */
		48BF748C1E9C265E00027982 /* Frameworks */ = {
			isa = PBXFrameworksBuildPhase;
			buildActionMask = 2147483647;
			files = (
			);
			runOnlyForDeploymentPostprocessing = 0;
		};
/* End PBXFrameworksBuildPhase section */

/* Begin PBXGroup section */
		48BF74861E9C265E00027982 = {
			isa = PBXGroup;
			children = (
				48BF74911E9C265E00027982 /* bucketList */,
				48BF74901E9C265E00027982 /* Products */,
			);
			sourceTree = "<group>";
		};
		48BF74901E9C265E00027982 /* Products */ = {
			isa = PBXGroup;
			children = (
				48BF748F1E9C265E00027982 /* bucketList.app */,
			);
			name = Products;
			sourceTree = "<group>";
		};
		48BF74911E9C265E00027982 /* bucketList */ = {
			isa = PBXGroup;
			children = (
				48BF74921E9C265E00027982 /* AppDelegate.swift */,
				48BF74941E9C265E00027982 /* MainViewController.swift */,
				48BF74A41E9C27A400027982 /* AddTableViewController.swift */,
				48BF74A81E9C302600027982 /* SaveButtonDelegate.swift */,
				48BF74A61E9C2E3200027982 /* CancelButtonDelegate.swift */,
				48BF74961E9C265E00027982 /* Main.storyboard */,
				48BF74991E9C265E00027982 /* Assets.xcassets */,
				48BF749B1E9C265E00027982 /* LaunchScreen.storyboard */,
				48BF749E1E9C265E00027982 /* Info.plist */,
			);
			path = bucketList;
			sourceTree = "<group>";
		};
/* End PBXGroup section */

/* Begin PBXNativeTarget section */
		48BF748E1E9C265E00027982 /* bucketList */ = {
			isa = PBXNativeTarget;
			buildConfigurationList = 48BF74A11E9C265E00027982 /* Build configuration list for PBXNativeTarget "bucketList" */;
			buildPhases = (
				48BF748B1E9C265E00027982 /* Sources */,
				48BF748C1E9C265E00027982 /* Frameworks */,
				48BF748D1E9C265E00027982 /* Resources */,
			);
			buildRules = (
			);
			dependencies = (
			);
			name = bucketList;
			productName = bucketList;
			productReference = 48BF748F1E9C265E00027982 /* bucketList.app */;
			productType = "com.apple.product-type.application";
		};
/* End PBXNativeTarget section */

/* Begin PBXProject section */
		48BF74871E9C265E00027982 /* Project object */ = {
			isa = PBXProject;
			attributes = {
				LastSwiftUpdateCheck = 0830;
				LastUpgradeCheck = 0830;
				ORGANIZATIONNAME = "Kyle Strem";
				TargetAttributes = {
					48BF748E1E9C265E00027982 = {
						CreatedOnToolsVersion = 8.3;
						DevelopmentTeam = 34MAL3GL2L;
						ProvisioningStyle = Automatic;
					};
				};
			};
			buildConfigurationList = 48BF748A1E9C265E00027982 /* Build configuration list for PBXProject "bucketList" */;
			compatibilityVersion = "Xcode 3.2";
			developmentRegion = English;
			hasScannedForEncodings = 0;
			knownRegions = (
				en,
				Base,
			);
			mainGroup = 48BF74861E9C265E00027982;
			productRefGroup = 48BF74901E9C265E00027982 /* Products */;
			projectDirPath = "";
			projectRoot = "";
			targets = (
				48BF748E1E9C265E00027982 /* bucketList */,
			);
		};
/* End PBXProject section */

/* Begin PBXResourcesBuildPhase section */
		48BF748D1E9C265E00027982 /* Resources */ = {
			isa = PBXResourcesBuildPhase;
			buildActionMask = 2147483647;
			files = (
				48BF749D1E9C265E00027982 /* LaunchScreen.storyboard in Resources */,
				48BF749A1E9C265E00027982 /* Assets.xcassets in Resources */,
				48BF74981E9C265E00027982 /* Main.storyboard in Resources */,
			);
			runOnlyForDeploymentPostprocessing = 0;
		};
/* End PBXResourcesBuildPhase section */

/* Begin PBXSourcesBuildPhase section */
		48BF748B1E9C265E00027982 /* Sources */ = {
			isa = PBXSourcesBuildPhase;
			buildActionMask = 2147483647;
			files = (
				48BF74951E9C265E00027982 /* MainViewController.swift in Sources */,
				48BF74931E9C265E00027982 /* AppDelegate.swift in Sources */,
				48BF74A71E9C2E3200027982 /* CancelButtonDelegate.swift in Sources */,
				48BF74A51E9C27A400027982 /* AddTableViewController.swift in Sources */,
				48BF74A91E9C302600027982 /* SaveButtonDelegate.swift in Sources */,
			);
			runOnlyForDeploymentPostprocessing = 0;
		};
/* End PBXSourcesBuildPhase section */

/* Begin PBXVariantGroup section */
		48BF74961E9C265E00027982 /* Main.storyboard */ = {
			isa = PBXVariantGroup;
			children = (
				48BF74971E9C265E00027982 /* Base */,
			);
			name = Main.storyboard;
			sourceTree = "<group>";
		};
		48BF749B1E9C265E00027982 /* LaunchScreen.storyboard */ = {
			isa = PBXVariantGroup;
			children = (
				48BF749C1E9C265E00027982 /* Base */,
			);
			name = LaunchScreen.storyboard;
			sourceTree = "<group>";
		};
/* End PBXVariantGroup section */

/* Begin XCBuildConfiguration section */
		48BF749F1E9C265E00027982 /* Debug */ = {
			isa = XCBuildConfiguration;
			buildSettings = {
				ALWAYS_SEARCH_USER_PATHS = NO;
				CLANG_ANALYZER_NONNULL = YES;
				CLANG_ANALYZER_NUMBER_OBJECT_CONVERSION = YES_AGGRESSIVE;
				CLANG_CXX_LANGUAGE_STANDARD = "gnu++0x";
				CLANG_CXX_LIBRARY = "libc++";
				CLANG_ENABLE_MODULES = YES;
				CLANG_ENABLE_OBJC_ARC = YES;
				CLANG_WARN_BOOL_CONVERSION = YES;
				CLANG_WARN_CONSTANT_CONVERSION = YES;
				CLANG_WARN_DIRECT_OBJC_ISA_USAGE = YES_ERROR;
				CLANG_WARN_DOCUMENTATION_COMMENTS = YES;
				CLANG_WARN_EMPTY_BODY = YES;
				CLANG_WARN_ENUM_CONVERSION = YES;
				CLANG_WARN_INFINITE_RECURSION = YES;
				CLANG_WARN_INT_CONVERSION = YES;
				CLANG_WARN_OBJC_ROOT_CLASS = YES_ERROR;
				CLANG_WARN_SUSPICIOUS_MOVE = YES;
				CLANG_WARN_UNREACHABLE_CODE = YES;
				CLANG_WARN__DUPLICATE_METHOD_MATCH = YES;
				"CODE_SIGN_IDENTITY[sdk=iphoneos*]" = "iPhone Developer";
				COPY_PHASE_STRIP = NO;
				DEBUG_INFORMATION_FORMAT = dwarf;
				ENABLE_STRICT_OBJC_MSGSEND = YES;
				ENABLE_TESTABILITY = YES;
				GCC_C_LANGUAGE_STANDARD = gnu99;
				GCC_DYNAMIC_NO_PIC = NO;
				GCC_NO_COMMON_BLOCKS = YES;
				GCC_OPTIMIZATION_LEVEL = 0;
				GCC_PREPROCESSOR_DEFINITIONS = (
					"DEBUG=1",
					"$(inherited)",
				);
				GCC_WARN_64_TO_32_BIT_CONVERSION = YES;
				GCC_WARN_ABOUT_RETURN_TYPE = YES_ERROR;
				GCC_WARN_UNDECLARED_SELECTOR = YES;
				GCC_WARN_UNINITIALIZED_AUTOS = YES_AGGRESSIVE;
				GCC_WARN_UNUSED_FUNCTION = YES;
				GCC_WARN_UNUSED_VARIABLE = YES;
				IPHONEOS_DEPLOYMENT_TARGET = 10.3;
				MTL_ENABLE_DEBUG_INFO = YES;
				ONLY_ACTIVE_ARCH = YES;
				SDKROOT = iphoneos;
				SWIFT_ACTIVE_COMPILATION_CONDITIONS = DEBUG;
				SWIFT_OPTIMIZATION_LEVEL = "-Onone";
				TARGETED_DEVICE_FAMILY = "1,2";
			};
			name = Debug;
		};
		48BF74A01E9C265E00027982 /* Release */ = {
			isa = XCBuildConfiguration;
			buildSettings = {
				ALWAYS_SEARCH_USER_PATHS = NO;
				CLANG_ANALYZER_NONNULL = YES;
				CLANG_ANALYZER_NUMBER_OBJECT_CONVERSION = YES_AGGRESSIVE;
				CLANG_CXX_LANGUAGE_STANDARD = "gnu++0x";
				CLANG_CXX_LIBRARY = "libc++";
				CLANG_ENABLE_MODULES = YES;
				CLANG_ENABLE_OBJC_ARC = YES;
				CLANG_WARN_BOOL_CONVERSION = YES;
				CLANG_WARN_CONSTANT_CONVERSION = YES;
				CLANG_WARN_DIRECT_OBJC_ISA_USAGE = YES_ERROR;
				CLANG_WARN_DOCUMENTATION_COMMENTS = YES;
				CLANG_WARN_EMPTY_BODY = YES;
				CLANG_WARN_ENUM_CONVERSION = YES;
				CLANG_WARN_INFINITE_RECURSION = YES;
				CLANG_WARN_INT_CONVERSION = YES;
				CLANG_WARN_OBJC_ROOT_CLASS = YES_ERROR;
				CLANG_WARN_SUSPICIOUS_MOVE = YES;
				CLANG_WARN_UNREACHABLE_CODE = YES;
				CLANG_WARN__DUPLICATE_METHOD_MATCH = YES;
				"CODE_SIGN_IDENTITY[sdk=iphoneos*]" = "iPhone Developer";
				COPY_PHASE_STRIP = NO;
				DEBUG_INFORMATION_FORMAT = "dwarf-with-dsym";
				ENABLE_NS_ASSERTIONS = NO;
				ENABLE_STRICT_OBJC_MSGSEND = YES;
				GCC_C_LANGUAGE_STANDARD = gnu99;
				GCC_NO_COMMON_BLOCKS = YES;
				GCC_WARN_64_TO_32_BIT_CONVERSION = YES;
				GCC_WARN_ABOUT_RETURN_TYPE = YES_ERROR;
				GCC_WARN_UNDECLARED_SELECTOR = YES;
				GCC_WARN_UNINITIALIZED_AUTOS = YES_AGGRESSIVE;
				GCC_WARN_UNUSED_FUNCTION = YES;
				GCC_WARN_UNUSED_VARIABLE = YES;
				IPHONEOS_DEPLOYMENT_TARGET = 10.3;
				MTL_ENABLE_DEBUG_INFO = NO;
				SDKROOT = iphoneos;
				SWIFT_OPTIMIZATION_LEVEL = "-Owholemodule";
				TARGETED_DEVICE_FAMILY = "1,2";
				VALIDATE_PRODUCT = YES;
			};
			name = Release;
		};
		48BF74A21E9C265E00027982 /* Debug */ = {
			isa = XCBuildConfiguration;
			buildSettings = {
				ASSETCATALOG_COMPILER_APPICON_NAME = AppIcon;
				DEVELOPMENT_TEAM = 34MAL3GL2L;
				INFOPLIST_FILE = bucketList/Info.plist;
				LD_RUNPATH_SEARCH_PATHS = "$(inherited) @executable_path/Frameworks";
				PRODUCT_BUNDLE_IDENTIFIER = com.kylestrem.bucketList;
				PRODUCT_NAME = "$(TARGET_NAME)";
				SWIFT_VERSION = 3.0;
			};
			name = Debug;
		};
		48BF74A31E9C265E00027982 /* Release */ = {
			isa = XCBuildConfiguration;
			buildSettings = {
				ASSETCATALOG_COMPILER_APPICON_NAME = AppIcon;
				DEVELOPMENT_TEAM = 34MAL3GL2L;
				INFOPLIST_FILE = bucketList/Info.plist;
				LD_RUNPATH_SEARCH_PATHS = "$(inherited) @executable_path/Frameworks";
				PRODUCT_BUNDLE_IDENTIFIER = com.kylestrem.bucketList;
				PRODUCT_NAME = "$(TARGET_NAME)";
				SWIFT_VERSION = 3.0;
			};
			name = Release;
		};
/* End XCBuildConfiguration section */

/* Begin XCConfigurationList section */
		48BF748A1E9C265E00027982 /* Build configuration list for PBXProject "bucketList" */ = {
			isa = XCConfigurationList;
			buildConfigurations = (
				48BF749F1E9C265E00027982 /* Debug */,
				48BF74A01E9C265E00027982 /* Release */,
			);
			defaultConfigurationIsVisible = 0;
			defaultConfigurationName = Release;
		};
		48BF74A11E9C265E00027982 /* Build configuration list for PBXNativeTarget "bucketList" */ = {
			isa = XCConfigurationList;
			buildConfigurations = (
				48BF74A21E9C265E00027982 /* Debug */,
				48BF74A31E9C265E00027982 /* Release */,
			);
			defaultConfigurationIsVisible = 0;
		};
/* End XCConfigurationList section */
	};
	rootObject = 48BF74871E9C265E00027982 /* Project object */;
}
